
Microsoft Visual Studio Solution File, Format Version 12.00
# Visual Studio Version 17
VisualStudioVersion = 17.9.34607.119
MinimumVisualStudioVersion = 10.0.40219.1
Project("{9A19103F-16F7-4668-BE54-9A1E7A4F7556}") = "MB01", "MB01\MB01.csproj", "{7D8C6112-12ED-478B-B04D-AFBED0AE1962}"
EndProject
Global
	GlobalSection(SolutionConfigurationPlatforms) = preSolution
		Debug|Any CPU = Debug|Any CPU
		Release|Any CPU = Release|Any CPU
	EndGlobalSection
	GlobalSection(ProjectConfigurationPlatforms) = postSolution
		{7D8C6112-12ED-478B-B04D-AFBED0AE1962}.Debug|Any CPU.ActiveCfg = Debug|Any CPU
		{7D8C6112-12ED-478B-B04D-AFBED0AE1962}.Debug|Any CPU.Build.0 = Debug|Any CPU
		{7D8C6112-12ED-478B-B04D-AFBED0AE1962}.Release|Any CPU.ActiveCfg = Release|Any CPU
		{7D8C6112-12ED-478B-B04D-AFBED0AE1962}.Release|Any CPU.Build.0 = Release|Any CPU
	EndGlobalSection
	GlobalSection(SolutionProperties) = preSolution
		HideSolutionNode = FALSE
	EndGlobalSection
	GlobalSection(ExtensibilityGlobals) = postSolution
		SolutionGuid = {84EDAD00-A4F6-4DD9-BBE4-69D808971F9A}
	EndGlobalSection
EndGlobal
