
Microsoft Visual Studio Solution File, Format Version 12.00
# Visual Studio Version 17
VisualStudioVersion = 17.9.34607.119
MinimumVisualStudioVersion = 10.0.40219.1
Project("{FAE04EC0-301F-11D3-BF4B-00C04F79EFBC}") = "BZ17", "BZ17\BZ17.csproj", "{ED27DFB1-CACC-4665-BA05-C8B081596FFD}"
EndProject
Global
	GlobalSection(SolutionConfigurationPlatforms) = preSolution
		Debug|Any CPU = Debug|Any CPU
		Release|Any CPU = Release|Any CPU
	EndGlobalSection
	GlobalSection(ProjectConfigurationPlatforms) = postSolution
		{ED27DFB1-CACC-4665-BA05-C8B081596FFD}.Debug|Any CPU.ActiveCfg = Debug|Any CPU
		{ED27DFB1-CACC-4665-BA05-C8B081596FFD}.Debug|Any CPU.Build.0 = Debug|Any CPU
		{ED27DFB1-CACC-4665-BA05-C8B081596FFD}.Release|Any CPU.ActiveCfg = Release|Any CPU
		{ED27DFB1-CACC-4665-BA05-C8B081596FFD}.Release|Any CPU.Build.0 = Release|Any CPU
	EndGlobalSection
	GlobalSection(SolutionProperties) = preSolution
		HideSolutionNode = FALSE
	EndGlobalSection
	GlobalSection(ExtensibilityGlobals) = postSolution
		SolutionGuid = {9374D039-18E0-447E-83B6-368BC2B43261}
	EndGlobalSection
EndGlobal
